
Microsoft Visual Studio Solution File, Format Version 12.00
# Visual Studio Version 17
VisualStudioVersion = 17.8.34601.278
MinimumVisualStudioVersion = 10.0.40219.1
Project("{9A19103F-16F7-4668-BE54-9A1E7A4F7556}") = "RentCarMS_ BlazorUI", "RentCarMS_ BlazorUI\RentCarMS_ BlazorUI.csproj", "{B1A95940-B4AD-4142-AD62-2E4CE9050161}"
EndProject
Global
	GlobalSection(SolutionConfigurationPlatforms) = preSolution
		Debug|Any CPU = Debug|Any CPU
		Release|Any CPU = Release|Any CPU
	EndGlobalSection
	GlobalSection(ProjectConfigurationPlatforms) = postSolution
		{B1A95940-B4AD-4142-AD62-2E4CE9050161}.Debug|Any CPU.ActiveCfg = Debug|Any CPU
		{B1A95940-B4AD-4142-AD62-2E4CE9050161}.Debug|Any CPU.Build.0 = Debug|Any CPU
		{B1A95940-B4AD-4142-AD62-2E4CE9050161}.Release|Any CPU.ActiveCfg = Release|Any CPU
		{B1A95940-B4AD-4142-AD62-2E4CE9050161}.Release|Any CPU.Build.0 = Release|Any CPU
	EndGlobalSection
	GlobalSection(SolutionProperties) = preSolution
		HideSolutionNode = FALSE
	EndGlobalSection
	GlobalSection(ExtensibilityGlobals) = postSolution
		SolutionGuid = {008C1F22-7AE9-4DA9-9BE3-02BA46B1FCEC}
	EndGlobalSection
EndGlobal
